
Microsoft Visual Studio Solution File, Format Version 12.00
# Visual Studio Version 16
VisualStudioVersion = 16.0.33801.447
MinimumVisualStudioVersion = 10.0.40219.1
Project("{888888A0-9F3D-457C-B088-3A5042F75D52}") = "Cinema", "Cinema.pyproj", "{E8251CC4-848A-44E1-BDDD-B38D2EA79F2B}"
EndProject
Global
	GlobalSection(SolutionConfigurationPlatforms) = preSolution
		Debug|Any CPU = Debug|Any CPU
		Release|Any CPU = Release|Any CPU
	EndGlobalSection
	GlobalSection(ProjectConfigurationPlatforms) = postSolution
		{E8251CC4-848A-44E1-BDDD-B38D2EA79F2B}.Debug|Any CPU.ActiveCfg = Debug|Any CPU
		{E8251CC4-848A-44E1-BDDD-B38D2EA79F2B}.Release|Any CPU.ActiveCfg = Release|Any CPU
	EndGlobalSection
	GlobalSection(SolutionProperties) = preSolution
		HideSolutionNode = FALSE
	EndGlobalSection
	GlobalSection(ExtensibilityGlobals) = postSolution
		SolutionGuid = {8B9517F5-C71E-49D5-AF66-D96E882369E5}
	EndGlobalSection
EndGlobal
